// !$*UTF8*$!
{
	archiveVersion = 1;
	classes = {
	};
	objectVersion = 46;
	objects = {

/* Begin PBXBuildFile section */
		4EA30B4E1EA2A37D00CE1809 /* ServiceUrls.m in Sources */ = {isa = PBXBuildFile; fileRef = 4EA30B4D1EA2A37D00CE1809 /* ServiceUrls.m */; };
		4EA30B511EA2A39400CE1809 /* MDWNetworkManager.m in Sources */ = {isa = PBXBuildFile; fileRef = 4EA30B501EA2A39400CE1809 /* MDWNetworkManager.m */; };
		AD433BA61E9E21EE002FC799 /* main.m in Sources */ = {isa = PBXBuildFile; fileRef = AD433BA51E9E21EE002FC799 /* main.m */; };
		AD433BA91E9E21EE002FC799 /* AppDelegate.m in Sources */ = {isa = PBXBuildFile; fileRef = AD433BA81E9E21EE002FC799 /* AppDelegate.m */; };
		AD433BAC1E9E21EE002FC799 /* ViewController.m in Sources */ = {isa = PBXBuildFile; fileRef = AD433BAB1E9E21EE002FC799 /* ViewController.m */; };
		AD433BAF1E9E21EE002FC799 /* Main.storyboard in Resources */ = {isa = PBXBuildFile; fileRef = AD433BAD1E9E21EE002FC799 /* Main.storyboard */; };
		AD433BB11E9E21EE002FC799 /* Assets.xcassets in Resources */ = {isa = PBXBuildFile; fileRef = AD433BB01E9E21EE002FC799 /* Assets.xcassets */; };
		AD433BB41E9E21EE002FC799 /* LaunchScreen.storyboard in Resources */ = {isa = PBXBuildFile; fileRef = AD433BB21E9E21EE002FC799 /* LaunchScreen.storyboard */; };
		AD433BBF1E9E21EE002FC799 /* MDWTests.m in Sources */ = {isa = PBXBuildFile; fileRef = AD433BBE1E9E21EE002FC799 /* MDWTests.m */; };
		AD433BCA1E9E21EE002FC799 /* MDWUITests.m in Sources */ = {isa = PBXBuildFile; fileRef = AD433BC91E9E21EE002FC799 /* MDWUITests.m */; };
		AD4AB7DF1EAE14D3004D2893 /* FillteringAgendaDTO.m in Sources */ = {isa = PBXBuildFile; fileRef = AD4AB7DE1EAE14D3004D2893 /* FillteringAgendaDTO.m */; };
		ADED080B1EA2728700A33CE0 /* AgendaDTO.m in Sources */ = {isa = PBXBuildFile; fileRef = ADED07FE1EA2728700A33CE0 /* AgendaDTO.m */; };
		ADED080C1EA2728700A33CE0 /* AttendeeDTO.m in Sources */ = {isa = PBXBuildFile; fileRef = ADED08001EA2728700A33CE0 /* AttendeeDTO.m */; };
		ADED080D1EA2728700A33CE0 /* DBHandler.m in Sources */ = {isa = PBXBuildFile; fileRef = ADED08021EA2728700A33CE0 /* DBHandler.m */; };
		ADED080E1EA2728700A33CE0 /* ExhibitorDTO.m in Sources */ = {isa = PBXBuildFile; fileRef = ADED08041EA2728700A33CE0 /* ExhibitorDTO.m */; };
		ADED080F1EA2728700A33CE0 /* RLMString.m in Sources */ = {isa = PBXBuildFile; fileRef = ADED08061EA2728700A33CE0 /* RLMString.m */; };
		ADED08101EA2728700A33CE0 /* SessionDTO.m in Sources */ = {isa = PBXBuildFile; fileRef = ADED08081EA2728700A33CE0 /* SessionDTO.m */; };
		ADED08111EA2728700A33CE0 /* SpeakerDTO.m in Sources */ = {isa = PBXBuildFile; fileRef = ADED080A1EA2728700A33CE0 /* SpeakerDTO.m */; };
		ADF0D2FC1EAF5CA6007406D9 /* DateConverter.m in Sources */ = {isa = PBXBuildFile; fileRef = ADF0D2FB1EAF5CA6007406D9 /* DateConverter.m */; };
		C9BC7AE9FB0F37240E8186AD /* libPods-MDW.a in Frameworks */ = {isa = PBXBuildFile; fileRef = 4347F597BA710ACAAB8B9845 /* libPods-MDW.a */; };
		CC1ECCBF1EA5C4F700083C02 /* ProfileViewController.m in Sources */ = {isa = PBXBuildFile; fileRef = CC1ECCBE1EA5C4F700083C02 /* ProfileViewController.m */; };
		CC1ECCC21EA5CFD300083C02 /* LoginViewController.m in Sources */ = {isa = PBXBuildFile; fileRef = CC1ECCC11EA5CFD300083C02 /* LoginViewController.m */; };
		CC1ECCD11EA6187000083C02 /* SpeakerViewController.m in Sources */ = {isa = PBXBuildFile; fileRef = CC1ECCD01EA6187000083C02 /* SpeakerViewController.m */; };
		CC22ACC21EA3F78F00EBA097 /* SWRevealViewController.m in Sources */ = {isa = PBXBuildFile; fileRef = CC22ACC11EA3F78F00EBA097 /* SWRevealViewController.m */; };
		CC22AD0A1EA3F7CA00EBA097 /* agenda.png in Resources */ = {isa = PBXBuildFile; fileRef = CC22ACC51EA3F7CA00EBA097 /* agenda.png */; };
		CC22AD0B1EA3F7CA00EBA097 /* allDays.png in Resources */ = {isa = PBXBuildFile; fileRef = CC22ACC61EA3F7CA00EBA097 /* allDays.png */; };
		CC22AD0C1EA3F7CA00EBA097 /* background.png in Resources */ = {isa = PBXBuildFile; fileRef = CC22ACC71EA3F7CA00EBA097 /* background.png */; };
		CC22AD0D1EA3F7CA00EBA097 /* breakicon.png in Resources */ = {isa = PBXBuildFile; fileRef = CC22ACC81EA3F7CA00EBA097 /* breakicon.png */; };
		CC22AD0E1EA3F7CA00EBA097 /* calender.png in Resources */ = {isa = PBXBuildFile; fileRef = CC22ACC91EA3F7CA00EBA097 /* calender.png */; };
		CC22AD0F1EA3F7CA00EBA097 /* contact.png in Resources */ = {isa = PBXBuildFile; fileRef = CC22ACCA1EA3F7CA00EBA097 /* contact.png */; };
		CC22AD101EA3F7CA00EBA097 /* emailIcon.png in Resources */ = {isa = PBXBuildFile; fileRef = CC22ACCB1EA3F7CA00EBA097 /* emailIcon.png */; };
		CC22AD111EA3F7CA00EBA097 /* exihiptors.png in Resources */ = {isa = PBXBuildFile; fileRef = CC22ACCC1EA3F7CA00EBA097 /* exihiptors.png */; };
		CC22AD121EA3F7CA00EBA097 /* firstDay.png in Resources */ = {isa = PBXBuildFile; fileRef = CC22ACCD1EA3F7CA00EBA097 /* firstDay.png */; };
		CC22AD131EA3F7CA00EBA097 /* footer.png in Resources */ = {isa = PBXBuildFile; fileRef = CC22ACCE1EA3F7CA00EBA097 /* footer.png */; };
		CC22AD141EA3F7CA00EBA097 /* hacathon.png in Resources */ = {isa = PBXBuildFile; fileRef = CC22ACCF1EA3F7CA00EBA097 /* hacathon.png */; };
		CC22AD151EA3F7CA00EBA097 /* Icon-40 2.png in Resources */ = {isa = PBXBuildFile; fileRef = CC22ACD01EA3F7CA00EBA097 /* Icon-40 2.png */; };
		CC22AD161EA3F7CA00EBA097 /* Icon-40 3.png in Resources */ = {isa = PBXBuildFile; fileRef = CC22ACD11EA3F7CA00EBA097 /* Icon-40 3.png */; };
		CC22AD171EA3F7CA00EBA097 /* Icon-40.png in Resources */ = {isa = PBXBuildFile; fileRef = CC22ACD21EA3F7CA00EBA097 /* Icon-40.png */; };
		CC22AD181EA3F7CA00EBA097 /* Icon-40@2x 2.png in Resources */ = {isa = PBXBuildFile; fileRef = CC22ACD31EA3F7CA00EBA097 /* Icon-40@2x 2.png */; };
		CC22AD191EA3F7CA00EBA097 /* Icon-40@2x 3.png in Resources */ = {isa = PBXBuildFile; fileRef = CC22ACD41EA3F7CA00EBA097 /* Icon-40@2x 3.png */; };
		CC22AD1A1EA3F7CA00EBA097 /* Icon-40@2x.png in Resources */ = {isa = PBXBuildFile; fileRef = CC22ACD51EA3F7CA00EBA097 /* Icon-40@2x.png */; };
		CC22AD1B1EA3F7CA00EBA097 /* Icon-40@3x 2.png in Resources */ = {isa = PBXBuildFile; fileRef = CC22ACD61EA3F7CA00EBA097 /* Icon-40@3x 2.png */; };
		CC22AD1C1EA3F7CA00EBA097 /* Icon-40@3x 3.png in Resources */ = {isa = PBXBuildFile; fileRef = CC22ACD71EA3F7CA00EBA097 /* Icon-40@3x 3.png */; };
		CC22AD1D1EA3F7CA00EBA097 /* Icon-40@3x.png in Resources */ = {isa = PBXBuildFile; fileRef = CC22ACD81EA3F7CA00EBA097 /* Icon-40@3x.png */; };
		CC22AD1E1EA3F7CA00EBA097 /* Icon-60@2x 2.png in Resources */ = {isa = PBXBuildFile; fileRef = CC22ACD91EA3F7CA00EBA097 /* Icon-60@2x 2.png */; };
		CC22AD1F1EA3F7CA00EBA097 /* Icon-60@2x.png in Resources */ = {isa = PBXBuildFile; fileRef = CC22ACDA1EA3F7CA00EBA097 /* Icon-60@2x.png */; };
		CC22AD201EA3F7CA00EBA097 /* Icon-60@3x 2.png in Resources */ = {isa = PBXBuildFile; fileRef = CC22ACDB1EA3F7CA00EBA097 /* Icon-60@3x 2.png */; };
		CC22AD211EA3F7CA00EBA097 /* Icon-60@3x.png in Resources */ = {isa = PBXBuildFile; fileRef = CC22ACDC1EA3F7CA00EBA097 /* Icon-60@3x.png */; };
		CC22AD221EA3F7CA00EBA097 /* Icon-76 2.png in Resources */ = {isa = PBXBuildFile; fileRef = CC22ACDD1EA3F7CA00EBA097 /* Icon-76 2.png */; };
		CC22AD231EA3F7CA00EBA097 /* Icon-76.png in Resources */ = {isa = PBXBuildFile; fileRef = CC22ACDE1EA3F7CA00EBA097 /* Icon-76.png */; };
		CC22AD241EA3F7CA00EBA097 /* Icon-76@2x 2.png in Resources */ = {isa = PBXBuildFile; fileRef = CC22ACDF1EA3F7CA00EBA097 /* Icon-76@2x 2.png */; };
		CC22AD251EA3F7CA00EBA097 /* Icon-76@2x.png in Resources */ = {isa = PBXBuildFile; fileRef = CC22ACE01EA3F7CA00EBA097 /* Icon-76@2x.png */; };
		CC22AD261EA3F7CA00EBA097 /* Icon-83.5@2x 2.png in Resources */ = {isa = PBXBuildFile; fileRef = CC22ACE11EA3F7CA00EBA097 /* Icon-83.5@2x 2.png */; };
		CC22AD271EA3F7CA00EBA097 /* Icon-83.5@2x.png in Resources */ = {isa = PBXBuildFile; fileRef = CC22ACE21EA3F7CA00EBA097 /* Icon-83.5@2x.png */; };
		CC22AD281EA3F7CA00EBA097 /* Icon-Small 2.png in Resources */ = {isa = PBXBuildFile; fileRef = CC22ACE31EA3F7CA00EBA097 /* Icon-Small 2.png */; };
		CC22AD291EA3F7CA00EBA097 /* Icon-Small.png in Resources */ = {isa = PBXBuildFile; fileRef = CC22ACE41EA3F7CA00EBA097 /* Icon-Small.png */; };
		CC22AD2A1EA3F7CA00EBA097 /* Icon-Small@2x 2.png in Resources */ = {isa = PBXBuildFile; fileRef = CC22ACE51EA3F7CA00EBA097 /* Icon-Small@2x 2.png */; };
		CC22AD2B1EA3F7CA00EBA097 /* Icon-Small@2x.png in Resources */ = {isa = PBXBuildFile; fileRef = CC22ACE61EA3F7CA00EBA097 /* Icon-Small@2x.png */; };
		CC22AD2C1EA3F7CA00EBA097 /* Icon-Small@3x 2.png in Resources */ = {isa = PBXBuildFile; fileRef = CC22ACE71EA3F7CA00EBA097 /* Icon-Small@3x 2.png */; };
		CC22AD2D1EA3F7CA00EBA097 /* Icon-Small@3x.png in Resources */ = {isa = PBXBuildFile; fileRef = CC22ACE81EA3F7CA00EBA097 /* Icon-Small@3x.png */; };
		CC22AD2E1EA3F7CA00EBA097 /* info.png in Resources */ = {isa = PBXBuildFile; fileRef = CC22ACE91EA3F7CA00EBA097 /* info.png */; };
		CC22AD2F1EA3F7CA00EBA097 /* jetsmoblab.PNG in Resources */ = {isa = PBXBuildFile; fileRef = CC22ACEA1EA3F7CA00EBA097 /* jetsmoblab.PNG */; };
		CC22AD301EA3F7CA00EBA097 /* leftSideMenuBackground.png in Resources */ = {isa = PBXBuildFile; fileRef = CC22ACEB1EA3F7CA00EBA097 /* leftSideMenuBackground.png */; };
		CC22AD311EA3F7CA00EBA097 /* leftSideMenuHeader.png in Resources */ = {isa = PBXBuildFile; fileRef = CC22ACEC1EA3F7CA00EBA097 /* leftSideMenuHeader.png */; };
		CC22AD321EA3F7CA00EBA097 /* location.png in Resources */ = {isa = PBXBuildFile; fileRef = CC22ACED1EA3F7CA00EBA097 /* location.png */; };
		CC22AD331EA3F7CA00EBA097 /* loginButton.png in Resources */ = {isa = PBXBuildFile; fileRef = CC22ACEE1EA3F7CA00EBA097 /* loginButton.png */; };
		CC22AD341EA3F7CA00EBA097 /* loginHeader.png in Resources */ = {isa = PBXBuildFile; fileRef = CC22ACEF1EA3F7CA00EBA097 /* loginHeader.png */; };
		CC22AD351EA3F7CA00EBA097 /* loginTextBoxsBackGround.png in Resources */ = {isa = PBXBuildFile; fileRef = CC22ACF01EA3F7CA00EBA097 /* loginTextBoxsBackGround.png */; };
		CC22AD361EA3F7CA00EBA097 /* logo.png in Resources */ = {isa = PBXBuildFile; fileRef = CC22ACF11EA3F7CA00EBA097 /* logo.png */; };
		CC22AD371EA3F7CA00EBA097 /* logo1.png in Resources */ = {isa = PBXBuildFile; fileRef = CC22ACF21EA3F7CA00EBA097 /* logo1.png */; };
		CC22AD381EA3F7CA00EBA097 /* logout.png in Resources */ = {isa = PBXBuildFile; fileRef = CC22ACF31EA3F7CA00EBA097 /* logout.png */; };
		CC22AD391EA3F7CA00EBA097 /* MDW 2016 Mobile APP150-47.png in Resources */ = {isa = PBXBuildFile; fileRef = CC22ACF41EA3F7CA00EBA097 /* MDW 2016 Mobile APP150-47.png */; };
		CC22AD3A1EA3F7CA00EBA097 /* myagenda.png in Resources */ = {isa = PBXBuildFile; fileRef = CC22ACF51EA3F7CA00EBA097 /* myagenda.png */; };
		CC22AD3B1EA3F7CA00EBA097 /* myContactBackground.png in Resources */ = {isa = PBXBuildFile; fileRef = CC22ACF61EA3F7CA00EBA097 /* myContactBackground.png */; };
		CC22AD3C1EA3F7CA00EBA097 /* myTicketBackground.png in Resources */ = {isa = PBXBuildFile; fileRef = CC22ACF71EA3F7CA00EBA097 /* myTicketBackground.png */; };
		CC22AD3D1EA3F7CA00EBA097 /* phoneIcon.png in Resources */ = {isa = PBXBuildFile; fileRef = CC22ACF81EA3F7CA00EBA097 /* phoneIcon.png */; };
		CC22AD3E1EA3F7CA00EBA097 /* profile.png in Resources */ = {isa = PBXBuildFile; fileRef = CC22ACF91EA3F7CA00EBA097 /* profile.png */; };
		CC22AD3F1EA3F7CA00EBA097 /* qr.png in Resources */ = {isa = PBXBuildFile; fileRef = CC22ACFA1EA3F7CA00EBA097 /* qr.png */; };
		CC22AD401EA3F7CA00EBA097 /* reveal-icon.png in Resources */ = {isa = PBXBuildFile; fileRef = CC22ACFB1EA3F7CA00EBA097 /* reveal-icon.png */; };
		CC22AD411EA3F7CA00EBA097 /* secondDay.png in Resources */ = {isa = PBXBuildFile; fileRef = CC22ACFC1EA3F7CA00EBA097 /* secondDay.png */; };
		CC22AD421EA3F7CA00EBA097 /* session.png in Resources */ = {isa = PBXBuildFile; fileRef = CC22ACFD1EA3F7CA00EBA097 /* session.png */; };
		CC22AD431EA3F7CA00EBA097 /* sessionapproved.png in Resources */ = {isa = PBXBuildFile; fileRef = CC22ACFE1EA3F7CA00EBA097 /* sessionapproved.png */; };
		CC22AD441EA3F7CA00EBA097 /* sessionnotadded.png in Resources */ = {isa = PBXBuildFile; fileRef = CC22ACFF1EA3F7CA00EBA097 /* sessionnotadded.png */; };
		CC22AD451EA3F7CA00EBA097 /* sessionpending.png in Resources */ = {isa = PBXBuildFile; fileRef = CC22AD001EA3F7CA00EBA097 /* sessionpending.png */; };
		CC22AD461EA3F7CA00EBA097 /* sideMenuBackGround.png in Resources */ = {isa = PBXBuildFile; fileRef = CC22AD011EA3F7CA00EBA097 /* sideMenuBackGround.png */; };
		CC22AD471EA3F7CA00EBA097 /* speaker.png in Resources */ = {isa = PBXBuildFile; fileRef = CC22AD021EA3F7CA00EBA097 /* speaker.png */; };
		CC22AD481EA3F7CA00EBA097 /* splash (2).png in Resources */ = {isa = PBXBuildFile; fileRef = CC22AD031EA3F7CA00EBA097 /* splash (2).png */; };
		CC22AD491EA3F7CA00EBA097 /* splash.png in Resources */ = {isa = PBXBuildFile; fileRef = CC22AD041EA3F7CA00EBA097 /* splash.png */; };
		CC22AD4A1EA3F7CA00EBA097 /* star.png in Resources */ = {isa = PBXBuildFile; fileRef = CC22AD051EA3F7CA00EBA097 /* star.png */; };
		CC22AD4B1EA3F7CA00EBA097 /* starclicked.png in Resources */ = {isa = PBXBuildFile; fileRef = CC22AD061EA3F7CA00EBA097 /* starclicked.png */; };
		CC22AD4C1EA3F7CA00EBA097 /* thirdDay.png in Resources */ = {isa = PBXBuildFile; fileRef = CC22AD071EA3F7CA00EBA097 /* thirdDay.png */; };
		CC22AD4D1EA3F7CA00EBA097 /* ticket.png in Resources */ = {isa = PBXBuildFile; fileRef = CC22AD081EA3F7CA00EBA097 /* ticket.png */; };
		CC22AD4E1EA3F7CA00EBA097 /* workshop.png in Resources */ = {isa = PBXBuildFile; fileRef = CC22AD091EA3F7CA00EBA097 /* workshop.png */; };
		CC22AD511EA3F87000EBA097 /* SideMenuTableViewController.m in Sources */ = {isa = PBXBuildFile; fileRef = CC22AD501EA3F87000EBA097 /* SideMenuTableViewController.m */; };
		CC35837E1EAFD728004BD794 /* SpeakerDetailsViewController.m in Sources */ = {isa = PBXBuildFile; fileRef = CC35837D1EAFD728004BD794 /* SpeakerDetailsViewController.m */; };
		CC6DE1C11EAE680A009B0DA5 /* ExhibitorsViewController.m in Sources */ = {isa = PBXBuildFile; fileRef = CC6DE1C01EAE680A009B0DA5 /* ExhibitorsViewController.m */; };
		CC6DE1C41EAE7A81009B0DA5 /* ThirdDayMyAgendaViewController.m in Sources */ = {isa = PBXBuildFile; fileRef = CC6DE1C31EAE7A81009B0DA5 /* ThirdDayMyAgendaViewController.m */; };
		CC6DE1C71EAE7FA0009B0DA5 /* SecondDayMyAgendaViewController.m in Sources */ = {isa = PBXBuildFile; fileRef = CC6DE1C61EAE7FA0009B0DA5 /* SecondDayMyAgendaViewController.m */; };
		CC6DE1CA1EAE83D9009B0DA5 /* FirstDayMyAgendaViewController.m in Sources */ = {isa = PBXBuildFile; fileRef = CC6DE1C91EAE83D9009B0DA5 /* FirstDayMyAgendaViewController.m */; };
		CC6DE1CD1EAE859F009B0DA5 /* AllDaysMyAgendaViewController.m in Sources */ = {isa = PBXBuildFile; fileRef = CC6DE1CC1EAE859F009B0DA5 /* AllDaysMyAgendaViewController.m */; };
		CC6DE1D01EAE8A94009B0DA5 /* SecondDayAgendaViewController.m in Sources */ = {isa = PBXBuildFile; fileRef = CC6DE1CF1EAE8A94009B0DA5 /* SecondDayAgendaViewController.m */; };
		CC6DE1D31EAE8C90009B0DA5 /* ThirdDayAgendaViewController.m in Sources */ = {isa = PBXBuildFile; fileRef = CC6DE1D21EAE8C90009B0DA5 /* ThirdDayAgendaViewController.m */; };
		CC6DE1D61EAE9147009B0DA5 /* FirstDayAgendaViewController.m in Sources */ = {isa = PBXBuildFile; fileRef = CC6DE1D51EAE9147009B0DA5 /* FirstDayAgendaViewController.m */; };
		CC6DE1D91EAE95E2009B0DA5 /* AllDaysAgendaViewController.m in Sources */ = {isa = PBXBuildFile; fileRef = CC6DE1D81EAE95E2009B0DA5 /* AllDaysAgendaViewController.m */; };
/* End PBXBuildFile section */

/* Begin PBXContainerItemProxy section */
		AD433BBB1E9E21EE002FC799 /* PBXContainerItemProxy */ = {
			isa = PBXContainerItemProxy;
			containerPortal = AD433B991E9E21EE002FC799 /* Project object */;
			proxyType = 1;
			remoteGlobalIDString = AD433BA01E9E21EE002FC799;
			remoteInfo = MDW;
		};
		AD433BC61E9E21EE002FC799 /* PBXContainerItemProxy */ = {
			isa = PBXContainerItemProxy;
			containerPortal = AD433B991E9E21EE002FC799 /* Project object */;
			proxyType = 1;
			remoteGlobalIDString = AD433BA01E9E21EE002FC799;
			remoteInfo = MDW;
		};
/* End PBXContainerItemProxy section */

/* Begin PBXFileReference section */
		1A49CC0A336F74BF5CA0F95A /* Pods-MDW.release.xcconfig */ = {isa = PBXFileReference; includeInIndex = 1; lastKnownFileType = text.xcconfig; name = "Pods-MDW.release.xcconfig"; path = "Pods/Target Support Files/Pods-MDW/Pods-MDW.release.xcconfig"; sourceTree = "<group>"; };
		4347F597BA710ACAAB8B9845 /* libPods-MDW.a */ = {isa = PBXFileReference; explicitFileType = archive.ar; includeInIndex = 0; path = "libPods-MDW.a"; sourceTree = BUILT_PRODUCTS_DIR; };
		4EA30B4C1EA2A37D00CE1809 /* ServiceUrls.h */ = {isa = PBXFileReference; fileEncoding = 4; lastKnownFileType = sourcecode.c.h; path = ServiceUrls.h; sourceTree = "<group>"; };
		4EA30B4D1EA2A37D00CE1809 /* ServiceUrls.m */ = {isa = PBXFileReference; fileEncoding = 4; lastKnownFileType = sourcecode.c.objc; path = ServiceUrls.m; sourceTree = "<group>"; };
		4EA30B4F1EA2A39400CE1809 /* MDWNetworkManager.h */ = {isa = PBXFileReference; fileEncoding = 4; lastKnownFileType = sourcecode.c.h; path = MDWNetworkManager.h; sourceTree = "<group>"; };
		4EA30B501EA2A39400CE1809 /* MDWNetworkManager.m */ = {isa = PBXFileReference; fileEncoding = 4; lastKnownFileType = sourcecode.c.objc; path = MDWNetworkManager.m; sourceTree = "<group>"; };
		74201D68596726BD56C6EF05 /* Pods-MDW.debug.xcconfig */ = {isa = PBXFileReference; includeInIndex = 1; lastKnownFileType = text.xcconfig; name = "Pods-MDW.debug.xcconfig"; path = "Pods/Target Support Files/Pods-MDW/Pods-MDW.debug.xcconfig"; sourceTree = "<group>"; };
		AD433BA11E9E21EE002FC799 /* MDW.app */ = {isa = PBXFileReference; explicitFileType = wrapper.application; includeInIndex = 0; path = MDW.app; sourceTree = BUILT_PRODUCTS_DIR; };
		AD433BA51E9E21EE002FC799 /* main.m */ = {isa = PBXFileReference; lastKnownFileType = sourcecode.c.objc; path = main.m; sourceTree = "<group>"; };
		AD433BA71E9E21EE002FC799 /* AppDelegate.h */ = {isa = PBXFileReference; lastKnownFileType = sourcecode.c.h; path = AppDelegate.h; sourceTree = "<group>"; };
		AD433BA81E9E21EE002FC799 /* AppDelegate.m */ = {isa = PBXFileReference; lastKnownFileType = sourcecode.c.objc; path = AppDelegate.m; sourceTree = "<group>"; };
		AD433BAA1E9E21EE002FC799 /* ViewController.h */ = {isa = PBXFileReference; lastKnownFileType = sourcecode.c.h; path = ViewController.h; sourceTree = "<group>"; };
		AD433BAB1E9E21EE002FC799 /* ViewController.m */ = {isa = PBXFileReference; lastKnownFileType = sourcecode.c.objc; path = ViewController.m; sourceTree = "<group>"; };
		AD433BAE1E9E21EE002FC799 /* Base */ = {isa = PBXFileReference; lastKnownFileType = file.storyboard; name = Base; path = Base.lproj/Main.storyboard; sourceTree = "<group>"; };
		AD433BB01E9E21EE002FC799 /* Assets.xcassets */ = {isa = PBXFileReference; lastKnownFileType = folder.assetcatalog; path = Assets.xcassets; sourceTree = "<group>"; };
		AD433BB31E9E21EE002FC799 /* Base */ = {isa = PBXFileReference; lastKnownFileType = file.storyboard; name = Base; path = Base.lproj/LaunchScreen.storyboard; sourceTree = "<group>"; };
		AD433BB51E9E21EE002FC799 /* Info.plist */ = {isa = PBXFileReference; lastKnownFileType = text.plist.xml; name = Info.plist; path = ../MDW/Info.plist; sourceTree = "<group>"; };
		AD433BBA1E9E21EE002FC799 /* MDWTests.xctest */ = {isa = PBXFileReference; explicitFileType = wrapper.cfbundle; includeInIndex = 0; path = MDWTests.xctest; sourceTree = BUILT_PRODUCTS_DIR; };
		AD433BBE1E9E21EE002FC799 /* MDWTests.m */ = {isa = PBXFileReference; lastKnownFileType = sourcecode.c.objc; path = MDWTests.m; sourceTree = "<group>"; };
		AD433BC01E9E21EE002FC799 /* Info.plist */ = {isa = PBXFileReference; lastKnownFileType = text.plist.xml; path = Info.plist; sourceTree = "<group>"; };
		AD433BC51E9E21EE002FC799 /* MDWUITests.xctest */ = {isa = PBXFileReference; explicitFileType = wrapper.cfbundle; includeInIndex = 0; path = MDWUITests.xctest; sourceTree = BUILT_PRODUCTS_DIR; };
		AD433BC91E9E21EE002FC799 /* MDWUITests.m */ = {isa = PBXFileReference; lastKnownFileType = sourcecode.c.objc; path = MDWUITests.m; sourceTree = "<group>"; };
		AD433BCB1E9E21EE002FC799 /* Info.plist */ = {isa = PBXFileReference; lastKnownFileType = text.plist.xml; path = Info.plist; sourceTree = "<group>"; };
		AD4AB7DD1EAE14D3004D2893 /* FillteringAgendaDTO.h */ = {isa = PBXFileReference; fileEncoding = 4; lastKnownFileType = sourcecode.c.h; path = FillteringAgendaDTO.h; sourceTree = "<group>"; };
		AD4AB7DE1EAE14D3004D2893 /* FillteringAgendaDTO.m */ = {isa = PBXFileReference; fileEncoding = 4; lastKnownFileType = sourcecode.c.objc; path = FillteringAgendaDTO.m; sourceTree = "<group>"; };
		ADED07FD1EA2728700A33CE0 /* AgendaDTO.h */ = {isa = PBXFileReference; fileEncoding = 4; lastKnownFileType = sourcecode.c.h; path = AgendaDTO.h; sourceTree = "<group>"; };
		ADED07FE1EA2728700A33CE0 /* AgendaDTO.m */ = {isa = PBXFileReference; fileEncoding = 4; lastKnownFileType = sourcecode.c.objc; path = AgendaDTO.m; sourceTree = "<group>"; };
		ADED07FF1EA2728700A33CE0 /* AttendeeDTO.h */ = {isa = PBXFileReference; fileEncoding = 4; lastKnownFileType = sourcecode.c.h; path = AttendeeDTO.h; sourceTree = "<group>"; };
		ADED08001EA2728700A33CE0 /* AttendeeDTO.m */ = {isa = PBXFileReference; fileEncoding = 4; lastKnownFileType = sourcecode.c.objc; path = AttendeeDTO.m; sourceTree = "<group>"; };
		ADED08011EA2728700A33CE0 /* DBHandler.h */ = {isa = PBXFileReference; fileEncoding = 4; lastKnownFileType = sourcecode.c.h; path = DBHandler.h; sourceTree = "<group>"; };
		ADED08021EA2728700A33CE0 /* DBHandler.m */ = {isa = PBXFileReference; fileEncoding = 4; lastKnownFileType = sourcecode.c.objc; path = DBHandler.m; sourceTree = "<group>"; };
		ADED08031EA2728700A33CE0 /* ExhibitorDTO.h */ = {isa = PBXFileReference; fileEncoding = 4; lastKnownFileType = sourcecode.c.h; path = ExhibitorDTO.h; sourceTree = "<group>"; };
		ADED08041EA2728700A33CE0 /* ExhibitorDTO.m */ = {isa = PBXFileReference; fileEncoding = 4; lastKnownFileType = sourcecode.c.objc; path = ExhibitorDTO.m; sourceTree = "<group>"; };
		ADED08051EA2728700A33CE0 /* RLMString.h */ = {isa = PBXFileReference; fileEncoding = 4; lastKnownFileType = sourcecode.c.h; path = RLMString.h; sourceTree = "<group>"; };
		ADED08061EA2728700A33CE0 /* RLMString.m */ = {isa = PBXFileReference; fileEncoding = 4; lastKnownFileType = sourcecode.c.objc; path = RLMString.m; sourceTree = "<group>"; };
		ADED08071EA2728700A33CE0 /* SessionDTO.h */ = {isa = PBXFileReference; fileEncoding = 4; lastKnownFileType = sourcecode.c.h; path = SessionDTO.h; sourceTree = "<group>"; };
		ADED08081EA2728700A33CE0 /* SessionDTO.m */ = {isa = PBXFileReference; fileEncoding = 4; lastKnownFileType = sourcecode.c.objc; path = SessionDTO.m; sourceTree = "<group>"; };
		ADED08091EA2728700A33CE0 /* SpeakerDTO.h */ = {isa = PBXFileReference; fileEncoding = 4; lastKnownFileType = sourcecode.c.h; path = SpeakerDTO.h; sourceTree = "<group>"; };
		ADED080A1EA2728700A33CE0 /* SpeakerDTO.m */ = {isa = PBXFileReference; fileEncoding = 4; lastKnownFileType = sourcecode.c.objc; path = SpeakerDTO.m; sourceTree = "<group>"; };
		ADF0D2FA1EAF5CA6007406D9 /* DateConverter.h */ = {isa = PBXFileReference; fileEncoding = 4; lastKnownFileType = sourcecode.c.h; path = DateConverter.h; sourceTree = "<group>"; };
		ADF0D2FB1EAF5CA6007406D9 /* DateConverter.m */ = {isa = PBXFileReference; fileEncoding = 4; lastKnownFileType = sourcecode.c.objc; path = DateConverter.m; sourceTree = "<group>"; };
		CC1ECCBD1EA5C4F700083C02 /* ProfileViewController.h */ = {isa = PBXFileReference; fileEncoding = 4; lastKnownFileType = sourcecode.c.h; path = ProfileViewController.h; sourceTree = "<group>"; };
		CC1ECCBE1EA5C4F700083C02 /* ProfileViewController.m */ = {isa = PBXFileReference; fileEncoding = 4; lastKnownFileType = sourcecode.c.objc; path = ProfileViewController.m; sourceTree = "<group>"; };
		CC1ECCC01EA5CFD300083C02 /* LoginViewController.h */ = {isa = PBXFileReference; fileEncoding = 4; lastKnownFileType = sourcecode.c.h; path = LoginViewController.h; sourceTree = "<group>"; };
		CC1ECCC11EA5CFD300083C02 /* LoginViewController.m */ = {isa = PBXFileReference; fileEncoding = 4; lastKnownFileType = sourcecode.c.objc; path = LoginViewController.m; sourceTree = "<group>"; };
		CC1ECCCF1EA6187000083C02 /* SpeakerViewController.h */ = {isa = PBXFileReference; fileEncoding = 4; lastKnownFileType = sourcecode.c.h; name = SpeakerViewController.h; path = MDW/SpeakerViewController.h; sourceTree = "<group>"; };
		CC1ECCD01EA6187000083C02 /* SpeakerViewController.m */ = {isa = PBXFileReference; fileEncoding = 4; lastKnownFileType = sourcecode.c.objc; name = SpeakerViewController.m; path = MDW/SpeakerViewController.m; sourceTree = "<group>"; };
		CC22ACC01EA3F78F00EBA097 /* SWRevealViewController.h */ = {isa = PBXFileReference; fileEncoding = 4; lastKnownFileType = sourcecode.c.h; path = SWRevealViewController.h; sourceTree = "<group>"; };
		CC22ACC11EA3F78F00EBA097 /* SWRevealViewController.m */ = {isa = PBXFileReference; fileEncoding = 4; lastKnownFileType = sourcecode.c.objc; path = SWRevealViewController.m; sourceTree = "<group>"; };
		CC22ACC51EA3F7CA00EBA097 /* agenda.png */ = {isa = PBXFileReference; lastKnownFileType = image.png; path = agenda.png; sourceTree = "<group>"; };
		CC22ACC61EA3F7CA00EBA097 /* allDays.png */ = {isa = PBXFileReference; lastKnownFileType = image.png; path = allDays.png; sourceTree = "<group>"; };
		CC22ACC71EA3F7CA00EBA097 /* background.png */ = {isa = PBXFileReference; lastKnownFileType = image.png; path = background.png; sourceTree = "<group>"; };
		CC22ACC81EA3F7CA00EBA097 /* breakicon.png */ = {isa = PBXFileReference; lastKnownFileType = image.png; path = breakicon.png; sourceTree = "<group>"; };
		CC22ACC91EA3F7CA00EBA097 /* calender.png */ = {isa = PBXFileReference; lastKnownFileType = image.png; path = calender.png; sourceTree = "<group>"; };
		CC22ACCA1EA3F7CA00EBA097 /* contact.png */ = {isa = PBXFileReference; lastKnownFileType = image.png; path = contact.png; sourceTree = "<group>"; };
		CC22ACCB1EA3F7CA00EBA097 /* emailIcon.png */ = {isa = PBXFileReference; lastKnownFileType = image.png; path = emailIcon.png; sourceTree = "<group>"; };
		CC22ACCC1EA3F7CA00EBA097 /* exihiptors.png */ = {isa = PBXFileReference; lastKnownFileType = image.png; path = exihiptors.png; sourceTree = "<group>"; };
		CC22ACCD1EA3F7CA00EBA097 /* firstDay.png */ = {isa = PBXFileReference; lastKnownFileType = image.png; path = firstDay.png; sourceTree = "<group>"; };
		CC22ACCE1EA3F7CA00EBA097 /* footer.png */ = {isa = PBXFileReference; lastKnownFileType = image.png; path = footer.png; sourceTree = "<group>"; };
		CC22ACCF1EA3F7CA00EBA097 /* hacathon.png */ = {isa = PBXFileReference; lastKnownFileType = image.png; path = hacathon.png; sourceTree = "<group>"; };
		CC22ACD01EA3F7CA00EBA097 /* Icon-40 2.png */ = {isa = PBXFileReference; lastKnownFileType = image.png; path = "Icon-40 2.png"; sourceTree = "<group>"; };
		CC22ACD11EA3F7CA00EBA097 /* Icon-40 3.png */ = {isa = PBXFileReference; lastKnownFileType = image.png; path = "Icon-40 3.png"; sourceTree = "<group>"; };
		CC22ACD21EA3F7CA00EBA097 /* Icon-40.png */ = {isa = PBXFileReference; lastKnownFileType = image.png; path = "Icon-40.png"; sourceTree = "<group>"; };
		CC22ACD31EA3F7CA00EBA097 /* Icon-40@2x 2.png */ = {isa = PBXFileReference; lastKnownFileType = image.png; path = "Icon-40@2x 2.png"; sourceTree = "<group>"; };
		CC22ACD41EA3F7CA00EBA097 /* Icon-40@2x 3.png */ = {isa = PBXFileReference; lastKnownFileType = image.png; path = "Icon-40@2x 3.png"; sourceTree = "<group>"; };
		CC22ACD51EA3F7CA00EBA097 /* Icon-40@2x.png */ = {isa = PBXFileReference; lastKnownFileType = image.png; path = "Icon-40@2x.png"; sourceTree = "<group>"; };
		CC22ACD61EA3F7CA00EBA097 /* Icon-40@3x 2.png */ = {isa = PBXFileReference; lastKnownFileType = image.png; path = "Icon-40@3x 2.png"; sourceTree = "<group>"; };
		CC22ACD71EA3F7CA00EBA097 /* Icon-40@3x 3.png */ = {isa = PBXFileReference; lastKnownFileType = image.png; path = "Icon-40@3x 3.png"; sourceTree = "<group>"; };
		CC22ACD81EA3F7CA00EBA097 /* Icon-40@3x.png */ = {isa = PBXFileReference; lastKnownFileType = image.png; path = "Icon-40@3x.png"; sourceTree = "<group>"; };
		CC22ACD91EA3F7CA00EBA097 /* Icon-60@2x 2.png */ = {isa = PBXFileReference; lastKnownFileType = image.png; path = "Icon-60@2x 2.png"; sourceTree = "<group>"; };
		CC22ACDA1EA3F7CA00EBA097 /* Icon-60@2x.png */ = {isa = PBXFileReference; lastKnownFileType = image.png; path = "Icon-60@2x.png"; sourceTree = "<group>"; };
		CC22ACDB1EA3F7CA00EBA097 /* Icon-60@3x 2.png */ = {isa = PBXFileReference; lastKnownFileType = image.png; path = "Icon-60@3x 2.png"; sourceTree = "<group>"; };
		CC22ACDC1EA3F7CA00EBA097 /* Icon-60@3x.png */ = {isa = PBXFileReference; lastKnownFileType = image.png; path = "Icon-60@3x.png"; sourceTree = "<group>"; };
		CC22ACDD1EA3F7CA00EBA097 /* Icon-76 2.png */ = {isa = PBXFileReference; lastKnownFileType = image.png; path = "Icon-76 2.png"; sourceTree = "<group>"; };
		CC22ACDE1EA3F7CA00EBA097 /* Icon-76.png */ = {isa = PBXFileReference; lastKnownFileType = image.png; path = "Icon-76.png"; sourceTree = "<group>"; };
		CC22ACDF1EA3F7CA00EBA097 /* Icon-76@2x 2.png */ = {isa = PBXFileReference; lastKnownFileType = image.png; path = "Icon-76@2x 2.png"; sourceTree = "<group>"; };
		CC22ACE01EA3F7CA00EBA097 /* Icon-76@2x.png */ = {isa = PBXFileReference; lastKnownFileType = image.png; path = "Icon-76@2x.png"; sourceTree = "<group>"; };
		CC22ACE11EA3F7CA00EBA097 /* Icon-83.5@2x 2.png */ = {isa = PBXFileReference; lastKnownFileType = image.png; path = "Icon-83.5@2x 2.png"; sourceTree = "<group>"; };
		CC22ACE21EA3F7CA00EBA097 /* Icon-83.5@2x.png */ = {isa = PBXFileReference; lastKnownFileType = image.png; path = "Icon-83.5@2x.png"; sourceTree = "<group>"; };
		CC22ACE31EA3F7CA00EBA097 /* Icon-Small 2.png */ = {isa = PBXFileReference; lastKnownFileType = image.png; path = "Icon-Small 2.png"; sourceTree = "<group>"; };
		CC22ACE41EA3F7CA00EBA097 /* Icon-Small.png */ = {isa = PBXFileReference; lastKnownFileType = image.png; path = "Icon-Small.png"; sourceTree = "<group>"; };
		CC22ACE51EA3F7CA00EBA097 /* Icon-Small@2x 2.png */ = {isa = PBXFileReference; lastKnownFileType = image.png; path = "Icon-Small@2x 2.png"; sourceTree = "<group>"; };
		CC22ACE61EA3F7CA00EBA097 /* Icon-Small@2x.png */ = {isa = PBXFileReference; lastKnownFileType = image.png; path = "Icon-Small@2x.png"; sourceTree = "<group>"; };
		CC22ACE71EA3F7CA00EBA097 /* Icon-Small@3x 2.png */ = {isa = PBXFileReference; lastKnownFileType = image.png; path = "Icon-Small@3x 2.png"; sourceTree = "<group>"; };
		CC22ACE81EA3F7CA00EBA097 /* Icon-Small@3x.png */ = {isa = PBXFileReference; lastKnownFileType = image.png; path = "Icon-Small@3x.png"; sourceTree = "<group>"; };
		CC22ACE91EA3F7CA00EBA097 /* info.png */ = {isa = PBXFileReference; lastKnownFileType = image.png; path = info.png; sourceTree = "<group>"; };
		CC22ACEA1EA3F7CA00EBA097 /* jetsmoblab.PNG */ = {isa = PBXFileReference; lastKnownFileType = image.png; path = jetsmoblab.PNG; sourceTree = "<group>"; };
		CC22ACEB1EA3F7CA00EBA097 /* leftSideMenuBackground.png */ = {isa = PBXFileReference; lastKnownFileType = image.png; path = leftSideMenuBackground.png; sourceTree = "<group>"; };
		CC22ACEC1EA3F7CA00EBA097 /* leftSideMenuHeader.png */ = {isa = PBXFileReference; lastKnownFileType = image.png; path = leftSideMenuHeader.png; sourceTree = "<group>"; };
		CC22ACED1EA3F7CA00EBA097 /* location.png */ = {isa = PBXFileReference; lastKnownFileType = image.png; path = location.png; sourceTree = "<group>"; };
		CC22ACEE1EA3F7CA00EBA097 /* loginButton.png */ = {isa = PBXFileReference; lastKnownFileType = image.png; path = loginButton.png; sourceTree = "<group>"; };
		CC22ACEF1EA3F7CA00EBA097 /* loginHeader.png */ = {isa = PBXFileReference; lastKnownFileType = image.png; path = loginHeader.png; sourceTree = "<group>"; };
		CC22ACF01EA3F7CA00EBA097 /* loginTextBoxsBackGround.png */ = {isa = PBXFileReference; lastKnownFileType = image.png; path = loginTextBoxsBackGround.png; sourceTree = "<group>"; };
		CC22ACF11EA3F7CA00EBA097 /* logo.png */ = {isa = PBXFileReference; lastKnownFileType = image.png; path = logo.png; sourceTree = "<group>"; };
		CC22ACF21EA3F7CA00EBA097 /* logo1.png */ = {isa = PBXFileReference; lastKnownFileType = image.png; path = logo1.png; sourceTree = "<group>"; };
		CC22ACF31EA3F7CA00EBA097 /* logout.png */ = {isa = PBXFileReference; lastKnownFileType = image.png; path = logout.png; sourceTree = "<group>"; };
		CC22ACF41EA3F7CA00EBA097 /* MDW 2016 Mobile APP150-47.png */ = {isa = PBXFileReference; lastKnownFileType = image.png; path = "MDW 2016 Mobile APP150-47.png"; sourceTree = "<group>"; };
		CC22ACF51EA3F7CA00EBA097 /* myagenda.png */ = {isa = PBXFileReference; lastKnownFileType = image.png; path = myagenda.png; sourceTree = "<group>"; };
		CC22ACF61EA3F7CA00EBA097 /* myContactBackground.png */ = {isa = PBXFileReference; lastKnownFileType = image.png; path = myContactBackground.png; sourceTree = "<group>"; };
		CC22ACF71EA3F7CA00EBA097 /* myTicketBackground.png */ = {isa = PBXFileReference; lastKnownFileType = image.png; path = myTicketBackground.png; sourceTree = "<group>"; };
		CC22ACF81EA3F7CA00EBA097 /* phoneIcon.png */ = {isa = PBXFileReference; lastKnownFileType = image.png; path = phoneIcon.png; sourceTree = "<group>"; };
		CC22ACF91EA3F7CA00EBA097 /* profile.png */ = {isa = PBXFileReference; lastKnownFileType = image.png; path = profile.png; sourceTree = "<group>"; };
		CC22ACFA1EA3F7CA00EBA097 /* qr.png */ = {isa = PBXFileReference; lastKnownFileType = image.png; path = qr.png; sourceTree = "<group>"; };
		CC22ACFB1EA3F7CA00EBA097 /* reveal-icon.png */ = {isa = PBXFileReference; lastKnownFileType = image.png; path = "reveal-icon.png"; sourceTree = "<group>"; };
		CC22ACFC1EA3F7CA00EBA097 /* secondDay.png */ = {isa = PBXFileReference; lastKnownFileType = image.png; path = secondDay.png; sourceTree = "<group>"; };
		CC22ACFD1EA3F7CA00EBA097 /* session.png */ = {isa = PBXFileReference; lastKnownFileType = image.png; path = session.png; sourceTree = "<group>"; };
		CC22ACFE1EA3F7CA00EBA097 /* sessionapproved.png */ = {isa = PBXFileReference; lastKnownFileType = image.png; path = sessionapproved.png; sourceTree = "<group>"; };
		CC22ACFF1EA3F7CA00EBA097 /* sessionnotadded.png */ = {isa = PBXFileReference; lastKnownFileType = image.png; path = sessionnotadded.png; sourceTree = "<group>"; };
		CC22AD001EA3F7CA00EBA097 /* sessionpending.png */ = {isa = PBXFileReference; lastKnownFileType = image.png; path = sessionpending.png; sourceTree = "<group>"; };
		CC22AD011EA3F7CA00EBA097 /* sideMenuBackGround.png */ = {isa = PBXFileReference; lastKnownFileType = image.png; path = sideMenuBackGround.png; sourceTree = "<group>"; };
		CC22AD021EA3F7CA00EBA097 /* speaker.png */ = {isa = PBXFileReference; lastKnownFileType = image.png; path = speaker.png; sourceTree = "<group>"; };
		CC22AD031EA3F7CA00EBA097 /* splash (2).png */ = {isa = PBXFileReference; lastKnownFileType = image.png; path = "splash (2).png"; sourceTree = "<group>"; };
		CC22AD041EA3F7CA00EBA097 /* splash.png */ = {isa = PBXFileReference; lastKnownFileType = image.png; path = splash.png; sourceTree = "<group>"; };
		CC22AD051EA3F7CA00EBA097 /* star.png */ = {isa = PBXFileReference; lastKnownFileType = image.png; path = star.png; sourceTree = "<group>"; };
		CC22AD061EA3F7CA00EBA097 /* starclicked.png */ = {isa = PBXFileReference; lastKnownFileType = image.png; path = starclicked.png; sourceTree = "<group>"; };
		CC22AD071EA3F7CA00EBA097 /* thirdDay.png */ = {isa = PBXFileReference; lastKnownFileType = image.png; path = thirdDay.png; sourceTree = "<group>"; };
		CC22AD081EA3F7CA00EBA097 /* ticket.png */ = {isa = PBXFileReference; lastKnownFileType = image.png; path = ticket.png; sourceTree = "<group>"; };
		CC22AD091EA3F7CA00EBA097 /* workshop.png */ = {isa = PBXFileReference; lastKnownFileType = image.png; path = workshop.png; sourceTree = "<group>"; };
		CC22AD4F1EA3F87000EBA097 /* SideMenuTableViewController.h */ = {isa = PBXFileReference; fileEncoding = 4; lastKnownFileType = sourcecode.c.h; path = SideMenuTableViewController.h; sourceTree = "<group>"; };
		CC22AD501EA3F87000EBA097 /* SideMenuTableViewController.m */ = {isa = PBXFileReference; fileEncoding = 4; lastKnownFileType = sourcecode.c.objc; path = SideMenuTableViewController.m; sourceTree = "<group>"; };
		CC35837C1EAFD728004BD794 /* SpeakerDetailsViewController.h */ = {isa = PBXFileReference; fileEncoding = 4; lastKnownFileType = sourcecode.c.h; path = SpeakerDetailsViewController.h; sourceTree = "<group>"; };
		CC35837D1EAFD728004BD794 /* SpeakerDetailsViewController.m */ = {isa = PBXFileReference; fileEncoding = 4; lastKnownFileType = sourcecode.c.objc; path = SpeakerDetailsViewController.m; sourceTree = "<group>"; };
		CC6DE1BF1EAE6809009B0DA5 /* ExhibitorsViewController.h */ = {isa = PBXFileReference; fileEncoding = 4; lastKnownFileType = sourcecode.c.h; path = ExhibitorsViewController.h; sourceTree = "<group>"; };
		CC6DE1C01EAE680A009B0DA5 /* ExhibitorsViewController.m */ = {isa = PBXFileReference; fileEncoding = 4; lastKnownFileType = sourcecode.c.objc; path = ExhibitorsViewController.m; sourceTree = "<group>"; };
		CC6DE1C21EAE7A81009B0DA5 /* ThirdDayMyAgendaViewController.h */ = {isa = PBXFileReference; fileEncoding = 4; lastKnownFileType = sourcecode.c.h; path = ThirdDayMyAgendaViewController.h; sourceTree = "<group>"; };
		CC6DE1C31EAE7A81009B0DA5 /* ThirdDayMyAgendaViewController.m */ = {isa = PBXFileReference; fileEncoding = 4; lastKnownFileType = sourcecode.c.objc; path = ThirdDayMyAgendaViewController.m; sourceTree = "<group>"; };
		CC6DE1C51EAE7FA0009B0DA5 /* SecondDayMyAgendaViewController.h */ = {isa = PBXFileReference; fileEncoding = 4; lastKnownFileType = sourcecode.c.h; path = SecondDayMyAgendaViewController.h; sourceTree = "<group>"; };
		CC6DE1C61EAE7FA0009B0DA5 /* SecondDayMyAgendaViewController.m */ = {isa = PBXFileReference; fileEncoding = 4; lastKnownFileType = sourcecode.c.objc; path = SecondDayMyAgendaViewController.m; sourceTree = "<group>"; };
		CC6DE1C81EAE83D9009B0DA5 /* FirstDayMyAgendaViewController.h */ = {isa = PBXFileReference; fileEncoding = 4; lastKnownFileType = sourcecode.c.h; path = FirstDayMyAgendaViewController.h; sourceTree = "<group>"; };
		CC6DE1C91EAE83D9009B0DA5 /* FirstDayMyAgendaViewController.m */ = {isa = PBXFileReference; fileEncoding = 4; lastKnownFileType = sourcecode.c.objc; path = FirstDayMyAgendaViewController.m; sourceTree = "<group>"; };
		CC6DE1CB1EAE859F009B0DA5 /* AllDaysMyAgendaViewController.h */ = {isa = PBXFileReference; fileEncoding = 4; lastKnownFileType = sourcecode.c.h; path = AllDaysMyAgendaViewController.h; sourceTree = "<group>"; };
		CC6DE1CC1EAE859F009B0DA5 /* AllDaysMyAgendaViewController.m */ = {isa = PBXFileReference; fileEncoding = 4; lastKnownFileType = sourcecode.c.objc; path = AllDaysMyAgendaViewController.m; sourceTree = "<group>"; };
		CC6DE1CE1EAE8A94009B0DA5 /* SecondDayAgendaViewController.h */ = {isa = PBXFileReference; fileEncoding = 4; lastKnownFileType = sourcecode.c.h; path = SecondDayAgendaViewController.h; sourceTree = "<group>"; };
		CC6DE1CF1EAE8A94009B0DA5 /* SecondDayAgendaViewController.m */ = {isa = PBXFileReference; fileEncoding = 4; lastKnownFileType = sourcecode.c.objc; path = SecondDayAgendaViewController.m; sourceTree = "<group>"; };
		CC6DE1D11EAE8C90009B0DA5 /* ThirdDayAgendaViewController.h */ = {isa = PBXFileReference; fileEncoding = 4; lastKnownFileType = sourcecode.c.h; path = ThirdDayAgendaViewController.h; sourceTree = "<group>"; };
		CC6DE1D21EAE8C90009B0DA5 /* ThirdDayAgendaViewController.m */ = {isa = PBXFileReference; fileEncoding = 4; lastKnownFileType = sourcecode.c.objc; path = ThirdDayAgendaViewController.m; sourceTree = "<group>"; };
		CC6DE1D41EAE9147009B0DA5 /* FirstDayAgendaViewController.h */ = {isa = PBXFileReference; fileEncoding = 4; lastKnownFileType = sourcecode.c.h; path = FirstDayAgendaViewController.h; sourceTree = "<group>"; };
		CC6DE1D51EAE9147009B0DA5 /* FirstDayAgendaViewController.m */ = {isa = PBXFileReference; fileEncoding = 4; lastKnownFileType = sourcecode.c.objc; path = FirstDayAgendaViewController.m; sourceTree = "<group>"; };
		CC6DE1D71EAE95E2009B0DA5 /* AllDaysAgendaViewController.h */ = {isa = PBXFileReference; fileEncoding = 4; lastKnownFileType = sourcecode.c.h; path = AllDaysAgendaViewController.h; sourceTree = "<group>"; };
		CC6DE1D81EAE95E2009B0DA5 /* AllDaysAgendaViewController.m */ = {isa = PBXFileReference; fileEncoding = 4; lastKnownFileType = sourcecode.c.objc; path = AllDaysAgendaViewController.m; sourceTree = "<group>"; };
/* End PBXFileReference section */

/* Begin PBXFrameworksBuildPhase section */
		AD433B9E1E9E21EE002FC799 /* Frameworks */ = {
			isa = PBXFrameworksBuildPhase;
			buildActionMask = 2147483647;
			files = (
				C9BC7AE9FB0F37240E8186AD /* libPods-MDW.a in Frameworks */,
			);
			runOnlyForDeploymentPostprocessing = 0;
		};
		AD433BB71E9E21EE002FC799 /* Frameworks */ = {
			isa = PBXFrameworksBuildPhase;
			buildActionMask = 2147483647;
			files = (
			);
			runOnlyForDeploymentPostprocessing = 0;
		};
		AD433BC21E9E21EE002FC799 /* Frameworks */ = {
			isa = PBXFrameworksBuildPhase;
			buildActionMask = 2147483647;
			files = (
			);
			runOnlyForDeploymentPostprocessing = 0;
		};
/* End PBXFrameworksBuildPhase section */

/* Begin PBXGroup section */
		1E19C1374FEA71A50F092395 /* Pods */ = {
			isa = PBXGroup;
			children = (
				74201D68596726BD56C6EF05 /* Pods-MDW.debug.xcconfig */,
				1A49CC0A336F74BF5CA0F95A /* Pods-MDW.release.xcconfig */,
			);
			name = Pods;
			sourceTree = "<group>";
		};
		4EA30B4A1EA2A35000CE1809 /* utils */ = {
			isa = PBXGroup;
			children = (
				4EA30B4C1EA2A37D00CE1809 /* ServiceUrls.h */,
				4EA30B4D1EA2A37D00CE1809 /* ServiceUrls.m */,
				ADF0D2FA1EAF5CA6007406D9 /* DateConverter.h */,
				ADF0D2FB1EAF5CA6007406D9 /* DateConverter.m */,
			);
			name = utils;
			sourceTree = "<group>";
		};
		4EA30B4B1EA2A35900CE1809 /* network */ = {
			isa = PBXGroup;
			children = (
				4EA30B4F1EA2A39400CE1809 /* MDWNetworkManager.h */,
				4EA30B501EA2A39400CE1809 /* MDWNetworkManager.m */,
			);
			name = network;
			sourceTree = "<group>";
		};
		AD433B981E9E21EE002FC799 = {
			isa = PBXGroup;
			children = (
				CC22ACC41EA3F7CA00EBA097 /* MDW UI */,
				CC22ACC31EA3F79500EBA097 /* storyboardControllers */,
				CC22ACBF1EA3F78F00EBA097 /* SWRevealViewController */,
				4EA30B4B1EA2A35900CE1809 /* network */,
				4EA30B4A1EA2A35000CE1809 /* utils */,
				ADF2208C1E9E7255005879A3 /* pojos */,
				AD433BA31E9E21EE002FC799 /* MDW */,
				AD433BBD1E9E21EE002FC799 /* MDWTests */,
				AD433BC81E9E21EE002FC799 /* MDWUITests */,
				AD433BA21E9E21EE002FC799 /* Products */,
				1E19C1374FEA71A50F092395 /* Pods */,
				EC79EF84BAF09894DC21BEA9 /* Frameworks */,
			);
			sourceTree = "<group>";
		};
		AD433BA21E9E21EE002FC799 /* Products */ = {
			isa = PBXGroup;
			children = (
				AD433BA11E9E21EE002FC799 /* MDW.app */,
				AD433BBA1E9E21EE002FC799 /* MDWTests.xctest */,
				AD433BC51E9E21EE002FC799 /* MDWUITests.xctest */,
			);
			name = Products;
			sourceTree = "<group>";
		};
		AD433BA31E9E21EE002FC799 /* MDW */ = {
			isa = PBXGroup;
			children = (
				AD433BA71E9E21EE002FC799 /* AppDelegate.h */,
				AD433BA81E9E21EE002FC799 /* AppDelegate.m */,
				AD433BAA1E9E21EE002FC799 /* ViewController.h */,
				AD433BAB1E9E21EE002FC799 /* ViewController.m */,
				AD433BAD1E9E21EE002FC799 /* Main.storyboard */,
				AD433BB01E9E21EE002FC799 /* Assets.xcassets */,
				AD433BB21E9E21EE002FC799 /* LaunchScreen.storyboard */,
				AD433BA41E9E21EE002FC799 /* Supporting Files */,
			);
			path = MDW;
			sourceTree = "<group>";
		};
		AD433BA41E9E21EE002FC799 /* Supporting Files */ = {
			isa = PBXGroup;
			children = (
				AD433BA51E9E21EE002FC799 /* main.m */,
			);
			name = "Supporting Files";
			sourceTree = "<group>";
		};
		AD433BBD1E9E21EE002FC799 /* MDWTests */ = {
			isa = PBXGroup;
			children = (
				AD433BBE1E9E21EE002FC799 /* MDWTests.m */,
				AD433BC01E9E21EE002FC799 /* Info.plist */,
			);
			path = MDWTests;
			sourceTree = "<group>";
		};
		AD433BC81E9E21EE002FC799 /* MDWUITests */ = {
			isa = PBXGroup;
			children = (
				AD433BB51E9E21EE002FC799 /* Info.plist */,
				AD433BC91E9E21EE002FC799 /* MDWUITests.m */,
				AD433BCB1E9E21EE002FC799 /* Info.plist */,
			);
			path = MDWUITests;
			sourceTree = "<group>";
		};
		ADF2208C1E9E7255005879A3 /* pojos */ = {
			isa = PBXGroup;
			children = (
				ADED07FD1EA2728700A33CE0 /* AgendaDTO.h */,
				ADED07FE1EA2728700A33CE0 /* AgendaDTO.m */,
				ADED07FF1EA2728700A33CE0 /* AttendeeDTO.h */,
				ADED08001EA2728700A33CE0 /* AttendeeDTO.m */,
				ADED08011EA2728700A33CE0 /* DBHandler.h */,
				ADED08021EA2728700A33CE0 /* DBHandler.m */,
				ADED08031EA2728700A33CE0 /* ExhibitorDTO.h */,
				ADED08041EA2728700A33CE0 /* ExhibitorDTO.m */,
				ADED08051EA2728700A33CE0 /* RLMString.h */,
				ADED08061EA2728700A33CE0 /* RLMString.m */,
				ADED08071EA2728700A33CE0 /* SessionDTO.h */,
				ADED08081EA2728700A33CE0 /* SessionDTO.m */,
				ADED08091EA2728700A33CE0 /* SpeakerDTO.h */,
				ADED080A1EA2728700A33CE0 /* SpeakerDTO.m */,
				AD4AB7DD1EAE14D3004D2893 /* FillteringAgendaDTO.h */,
				AD4AB7DE1EAE14D3004D2893 /* FillteringAgendaDTO.m */,
			);
			name = pojos;
			sourceTree = "<group>";
		};
		CC22ACBF1EA3F78F00EBA097 /* SWRevealViewController */ = {
			isa = PBXGroup;
			children = (
				CC22ACC01EA3F78F00EBA097 /* SWRevealViewController.h */,
				CC22ACC11EA3F78F00EBA097 /* SWRevealViewController.m */,
			);
			path = SWRevealViewController;
			sourceTree = "<group>";
		};
		CC22ACC31EA3F79500EBA097 /* storyboardControllers */ = {
			isa = PBXGroup;
			children = (
				CC22AD4F1EA3F87000EBA097 /* SideMenuTableViewController.h */,
				CC22AD501EA3F87000EBA097 /* SideMenuTableViewController.m */,
				CC1ECCBD1EA5C4F700083C02 /* ProfileViewController.h */,
				CC1ECCBE1EA5C4F700083C02 /* ProfileViewController.m */,
				CC1ECCC01EA5CFD300083C02 /* LoginViewController.h */,
				CC1ECCC11EA5CFD300083C02 /* LoginViewController.m */,
				CC1ECCCF1EA6187000083C02 /* SpeakerViewController.h */,
				CC1ECCD01EA6187000083C02 /* SpeakerViewController.m */,
				CC6DE1BF1EAE6809009B0DA5 /* ExhibitorsViewController.h */,
				CC6DE1C01EAE680A009B0DA5 /* ExhibitorsViewController.m */,
				CC6DE1C21EAE7A81009B0DA5 /* ThirdDayMyAgendaViewController.h */,
				CC6DE1C31EAE7A81009B0DA5 /* ThirdDayMyAgendaViewController.m */,
				CC6DE1C51EAE7FA0009B0DA5 /* SecondDayMyAgendaViewController.h */,
				CC6DE1C61EAE7FA0009B0DA5 /* SecondDayMyAgendaViewController.m */,
				CC6DE1C81EAE83D9009B0DA5 /* FirstDayMyAgendaViewController.h */,
				CC6DE1C91EAE83D9009B0DA5 /* FirstDayMyAgendaViewController.m */,
				CC6DE1CB1EAE859F009B0DA5 /* AllDaysMyAgendaViewController.h */,
				CC6DE1CC1EAE859F009B0DA5 /* AllDaysMyAgendaViewController.m */,
				CC6DE1CE1EAE8A94009B0DA5 /* SecondDayAgendaViewController.h */,
				CC6DE1CF1EAE8A94009B0DA5 /* SecondDayAgendaViewController.m */,
				CC6DE1D11EAE8C90009B0DA5 /* ThirdDayAgendaViewController.h */,
				CC6DE1D21EAE8C90009B0DA5 /* ThirdDayAgendaViewController.m */,
				CC6DE1D41EAE9147009B0DA5 /* FirstDayAgendaViewController.h */,
				CC6DE1D51EAE9147009B0DA5 /* FirstDayAgendaViewController.m */,
				CC6DE1D71EAE95E2009B0DA5 /* AllDaysAgendaViewController.h */,
				CC6DE1D81EAE95E2009B0DA5 /* AllDaysAgendaViewController.m */,
				CC35837C1EAFD728004BD794 /* SpeakerDetailsViewController.h */,
				CC35837D1EAFD728004BD794 /* SpeakerDetailsViewController.m */,
			);
			name = storyboardControllers;
			sourceTree = "<group>";
		};
		CC22ACC41EA3F7CA00EBA097 /* MDW UI */ = {
			isa = PBXGroup;
			children = (
				CC22ACC51EA3F7CA00EBA097 /* agenda.png */,
				CC22ACC61EA3F7CA00EBA097 /* allDays.png */,
				CC22ACC71EA3F7CA00EBA097 /* background.png */,
				CC22ACC81EA3F7CA00EBA097 /* breakicon.png */,
				CC22ACC91EA3F7CA00EBA097 /* calender.png */,
				CC22ACCA1EA3F7CA00EBA097 /* contact.png */,
				CC22ACCB1EA3F7CA00EBA097 /* emailIcon.png */,
				CC22ACCC1EA3F7CA00EBA097 /* exihiptors.png */,
				CC22ACCD1EA3F7CA00EBA097 /* firstDay.png */,
				CC22ACCE1EA3F7CA00EBA097 /* footer.png */,
				CC22ACCF1EA3F7CA00EBA097 /* hacathon.png */,
				CC22ACD01EA3F7CA00EBA097 /* Icon-40 2.png */,
				CC22ACD11EA3F7CA00EBA097 /* Icon-40 3.png */,
				CC22ACD21EA3F7CA00EBA097 /* Icon-40.png */,
				CC22ACD31EA3F7CA00EBA097 /* Icon-40@2x 2.png */,
				CC22ACD41EA3F7CA00EBA097 /* Icon-40@2x 3.png */,
				CC22ACD51EA3F7CA00EBA097 /* Icon-40@2x.png */,
				CC22ACD61EA3F7CA00EBA097 /* Icon-40@3x 2.png */,
				CC22ACD71EA3F7CA00EBA097 /* Icon-40@3x 3.png */,
				CC22ACD81EA3F7CA00EBA097 /* Icon-40@3x.png */,
				CC22ACD91EA3F7CA00EBA097 /* Icon-60@2x 2.png */,
				CC22ACDA1EA3F7CA00EBA097 /* Icon-60@2x.png */,
				CC22ACDB1EA3F7CA00EBA097 /* Icon-60@3x 2.png */,
				CC22ACDC1EA3F7CA00EBA097 /* Icon-60@3x.png */,
				CC22ACDD1EA3F7CA00EBA097 /* Icon-76 2.png */,
				CC22ACDE1EA3F7CA00EBA097 /* Icon-76.png */,
				CC22ACDF1EA3F7CA00EBA097 /* Icon-76@2x 2.png */,
				CC22ACE01EA3F7CA00EBA097 /* Icon-76@2x.png */,
				CC22ACE11EA3F7CA00EBA097 /* Icon-83.5@2x 2.png */,
				CC22ACE21EA3F7CA00EBA097 /* Icon-83.5@2x.png */,
				CC22ACE31EA3F7CA00EBA097 /* Icon-Small 2.png */,
				CC22ACE41EA3F7CA00EBA097 /* Icon-Small.png */,
				CC22ACE51EA3F7CA00EBA097 /* Icon-Small@2x 2.png */,
				CC22ACE61EA3F7CA00EBA097 /* Icon-Small@2x.png */,
				CC22ACE71EA3F7CA00EBA097 /* Icon-Small@3x 2.png */,
				CC22ACE81EA3F7CA00EBA097 /* Icon-Small@3x.png */,
				CC22ACE91EA3F7CA00EBA097 /* info.png */,
				CC22ACEA1EA3F7CA00EBA097 /* jetsmoblab.PNG */,
				CC22ACEB1EA3F7CA00EBA097 /* leftSideMenuBackground.png */,
				CC22ACEC1EA3F7CA00EBA097 /* leftSideMenuHeader.png */,
				CC22ACED1EA3F7CA00EBA097 /* location.png */,
				CC22ACEE1EA3F7CA00EBA097 /* loginButton.png */,
				CC22ACEF1EA3F7CA00EBA097 /* loginHeader.png */,
				CC22ACF01EA3F7CA00EBA097 /* loginTextBoxsBackGround.png */,
				CC22ACF11EA3F7CA00EBA097 /* logo.png */,
				CC22ACF21EA3F7CA00EBA097 /* logo1.png */,
				CC22ACF31EA3F7CA00EBA097 /* logout.png */,
				CC22ACF41EA3F7CA00EBA097 /* MDW 2016 Mobile APP150-47.png */,
				CC22ACF51EA3F7CA00EBA097 /* myagenda.png */,
				CC22ACF61EA3F7CA00EBA097 /* myContactBackground.png */,
				CC22ACF71EA3F7CA00EBA097 /* myTicketBackground.png */,
				CC22ACF81EA3F7CA00EBA097 /* phoneIcon.png */,
				CC22ACF91EA3F7CA00EBA097 /* profile.png */,
				CC22ACFA1EA3F7CA00EBA097 /* qr.png */,
				CC22ACFB1EA3F7CA00EBA097 /* reveal-icon.png */,
				CC22ACFC1EA3F7CA00EBA097 /* secondDay.png */,
				CC22ACFD1EA3F7CA00EBA097 /* session.png */,
				CC22ACFE1EA3F7CA00EBA097 /* sessionapproved.png */,
				CC22ACFF1EA3F7CA00EBA097 /* sessionnotadded.png */,
				CC22AD001EA3F7CA00EBA097 /* sessionpending.png */,
				CC22AD011EA3F7CA00EBA097 /* sideMenuBackGround.png */,
				CC22AD021EA3F7CA00EBA097 /* speaker.png */,
				CC22AD031EA3F7CA00EBA097 /* splash (2).png */,
				CC22AD041EA3F7CA00EBA097 /* splash.png */,
				CC22AD051EA3F7CA00EBA097 /* star.png */,
				CC22AD061EA3F7CA00EBA097 /* starclicked.png */,
				CC22AD071EA3F7CA00EBA097 /* thirdDay.png */,
				CC22AD081EA3F7CA00EBA097 /* ticket.png */,
				CC22AD091EA3F7CA00EBA097 /* workshop.png */,
			);
			path = "MDW UI";
			sourceTree = "<group>";
		};
		EC79EF84BAF09894DC21BEA9 /* Frameworks */ = {
			isa = PBXGroup;
			children = (
				4347F597BA710ACAAB8B9845 /* libPods-MDW.a */,
			);
			name = Frameworks;
			sourceTree = "<group>";
		};
/* End PBXGroup section */

/* Begin PBXNativeTarget section */
		AD433BA01E9E21EE002FC799 /* MDW */ = {
			isa = PBXNativeTarget;
			buildConfigurationList = AD433BCE1E9E21EE002FC799 /* Build configuration list for PBXNativeTarget "MDW" */;
			buildPhases = (
				1ACA00D11E27EA3EBEC7B4CB /* [CP] Check Pods Manifest.lock */,
				AD433B9D1E9E21EE002FC799 /* Sources */,
				AD433B9E1E9E21EE002FC799 /* Frameworks */,
				AD433B9F1E9E21EE002FC799 /* Resources */,
				1619D915E1AC29F714A66043 /* [CP] Embed Pods Frameworks */,
				4F8D7B14710CC1B942A27A6E /* [CP] Copy Pods Resources */,
			);
			buildRules = (
			);
			dependencies = (
			);
			name = MDW;
			productName = MDW;
			productReference = AD433BA11E9E21EE002FC799 /* MDW.app */;
			productType = "com.apple.product-type.application";
		};
		AD433BB91E9E21EE002FC799 /* MDWTests */ = {
			isa = PBXNativeTarget;
			buildConfigurationList = AD433BD11E9E21EE002FC799 /* Build configuration list for PBXNativeTarget "MDWTests" */;
			buildPhases = (
				AD433BB61E9E21EE002FC799 /* Sources */,
				AD433BB71E9E21EE002FC799 /* Frameworks */,
				AD433BB81E9E21EE002FC799 /* Resources */,
			);
			buildRules = (
			);
			dependencies = (
				AD433BBC1E9E21EE002FC799 /* PBXTargetDependency */,
			);
			name = MDWTests;
			productName = MDWTests;
			productReference = AD433BBA1E9E21EE002FC799 /* MDWTests.xctest */;
			productType = "com.apple.product-type.bundle.unit-test";
		};
		AD433BC41E9E21EE002FC799 /* MDWUITests */ = {
			isa = PBXNativeTarget;
			buildConfigurationList = AD433BD41E9E21EE002FC799 /* Build configuration list for PBXNativeTarget "MDWUITests" */;
			buildPhases = (
				AD433BC11E9E21EE002FC799 /* Sources */,
				AD433BC21E9E21EE002FC799 /* Frameworks */,
				AD433BC31E9E21EE002FC799 /* Resources */,
			);
			buildRules = (
			);
			dependencies = (
				AD433BC71E9E21EE002FC799 /* PBXTargetDependency */,
			);
			name = MDWUITests;
			productName = MDWUITests;
			productReference = AD433BC51E9E21EE002FC799 /* MDWUITests.xctest */;
			productType = "com.apple.product-type.bundle.ui-testing";
		};
/* End PBXNativeTarget section */

/* Begin PBXProject section */
		AD433B991E9E21EE002FC799 /* Project object */ = {
			isa = PBXProject;
			attributes = {
				LastUpgradeCheck = 0800;
				ORGANIZATIONNAME = marko;
				TargetAttributes = {
					AD433BA01E9E21EE002FC799 = {
						CreatedOnToolsVersion = 8.0;
						ProvisioningStyle = Automatic;
					};
					AD433BB91E9E21EE002FC799 = {
						CreatedOnToolsVersion = 8.0;
						ProvisioningStyle = Automatic;
						TestTargetID = AD433BA01E9E21EE002FC799;
					};
					AD433BC41E9E21EE002FC799 = {
						CreatedOnToolsVersion = 8.0;
						ProvisioningStyle = Automatic;
						TestTargetID = AD433BA01E9E21EE002FC799;
					};
				};
			};
			buildConfigurationList = AD433B9C1E9E21EE002FC799 /* Build configuration list for PBXProject "MDW" */;
			compatibilityVersion = "Xcode 3.2";
			developmentRegion = English;
			hasScannedForEncodings = 0;
			knownRegions = (
				en,
				Base,
			);
			mainGroup = AD433B981E9E21EE002FC799;
			productRefGroup = AD433BA21E9E21EE002FC799 /* Products */;
			projectDirPath = "";
			projectRoot = "";
			targets = (
				AD433BA01E9E21EE002FC799 /* MDW */,
				AD433BB91E9E21EE002FC799 /* MDWTests */,
				AD433BC41E9E21EE002FC799 /* MDWUITests */,
			);
		};
/* End PBXProject section */

/* Begin PBXResourcesBuildPhase section */
		AD433B9F1E9E21EE002FC799 /* Resources */ = {
			isa = PBXResourcesBuildPhase;
			buildActionMask = 2147483647;
			files = (
				CC22AD491EA3F7CA00EBA097 /* splash.png in Resources */,
				CC22AD131EA3F7CA00EBA097 /* footer.png in Resources */,
				CC22AD171EA3F7CA00EBA097 /* Icon-40.png in Resources */,
				CC22AD421EA3F7CA00EBA097 /* session.png in Resources */,
				AD433BB41E9E21EE002FC799 /* LaunchScreen.storyboard in Resources */,
				CC22AD181EA3F7CA00EBA097 /* Icon-40@2x 2.png in Resources */,
				CC22AD0C1EA3F7CA00EBA097 /* background.png in Resources */,
				CC22AD261EA3F7CA00EBA097 /* Icon-83.5@2x 2.png in Resources */,
				CC22AD3D1EA3F7CA00EBA097 /* phoneIcon.png in Resources */,
				CC22AD4B1EA3F7CA00EBA097 /* starclicked.png in Resources */,
				CC22AD4A1EA3F7CA00EBA097 /* star.png in Resources */,
				CC22AD2B1EA3F7CA00EBA097 /* Icon-Small@2x.png in Resources */,
				CC22AD381EA3F7CA00EBA097 /* logout.png in Resources */,
				CC22AD3F1EA3F7CA00EBA097 /* qr.png in Resources */,
				CC22AD1B1EA3F7CA00EBA097 /* Icon-40@3x 2.png in Resources */,
				CC22AD321EA3F7CA00EBA097 /* location.png in Resources */,
				CC22AD1F1EA3F7CA00EBA097 /* Icon-60@2x.png in Resources */,
				CC22AD291EA3F7CA00EBA097 /* Icon-Small.png in Resources */,
				CC22AD151EA3F7CA00EBA097 /* Icon-40 2.png in Resources */,
				CC22AD341EA3F7CA00EBA097 /* loginHeader.png in Resources */,
				CC22AD411EA3F7CA00EBA097 /* secondDay.png in Resources */,
				CC22AD241EA3F7CA00EBA097 /* Icon-76@2x 2.png in Resources */,
				CC22AD1C1EA3F7CA00EBA097 /* Icon-40@3x 3.png in Resources */,
				CC22AD271EA3F7CA00EBA097 /* Icon-83.5@2x.png in Resources */,
				CC22AD2A1EA3F7CA00EBA097 /* Icon-Small@2x 2.png in Resources */,
				CC22AD351EA3F7CA00EBA097 /* loginTextBoxsBackGround.png in Resources */,
				CC22AD221EA3F7CA00EBA097 /* Icon-76 2.png in Resources */,
				CC22AD391EA3F7CA00EBA097 /* MDW 2016 Mobile APP150-47.png in Resources */,
				CC22AD431EA3F7CA00EBA097 /* sessionapproved.png in Resources */,
				CC22AD331EA3F7CA00EBA097 /* loginButton.png in Resources */,
				CC22AD2F1EA3F7CA00EBA097 /* jetsmoblab.PNG in Resources */,
				CC22AD141EA3F7CA00EBA097 /* hacathon.png in Resources */,
				CC22AD251EA3F7CA00EBA097 /* Icon-76@2x.png in Resources */,
				CC22AD0A1EA3F7CA00EBA097 /* agenda.png in Resources */,
				AD433BB11E9E21EE002FC799 /* Assets.xcassets in Resources */,
				CC22AD451EA3F7CA00EBA097 /* sessionpending.png in Resources */,
				CC22AD231EA3F7CA00EBA097 /* Icon-76.png in Resources */,
				CC22AD1A1EA3F7CA00EBA097 /* Icon-40@2x.png in Resources */,
				CC22AD4C1EA3F7CA00EBA097 /* thirdDay.png in Resources */,
				CC22AD461EA3F7CA00EBA097 /* sideMenuBackGround.png in Resources */,
				CC22AD371EA3F7CA00EBA097 /* logo1.png in Resources */,
				AD433BAF1E9E21EE002FC799 /* Main.storyboard in Resources */,
				CC22AD3C1EA3F7CA00EBA097 /* myTicketBackground.png in Resources */,
				CC22AD481EA3F7CA00EBA097 /* splash (2).png in Resources */,
				CC22AD301EA3F7CA00EBA097 /* leftSideMenuBackground.png in Resources */,
				CC22AD401EA3F7CA00EBA097 /* reveal-icon.png in Resources */,
				CC22AD281EA3F7CA00EBA097 /* Icon-Small 2.png in Resources */,
				CC22AD3B1EA3F7CA00EBA097 /* myContactBackground.png in Resources */,
				CC22AD101EA3F7CA00EBA097 /* emailIcon.png in Resources */,
				CC22AD471EA3F7CA00EBA097 /* speaker.png in Resources */,
				CC22AD0E1EA3F7CA00EBA097 /* calender.png in Resources */,
				CC22AD201EA3F7CA00EBA097 /* Icon-60@3x 2.png in Resources */,
				CC22AD2D1EA3F7CA00EBA097 /* Icon-Small@3x.png in Resources */,
				CC22AD0F1EA3F7CA00EBA097 /* contact.png in Resources */,
				CC22AD0D1EA3F7CA00EBA097 /* breakicon.png in Resources */,
				CC22AD191EA3F7CA00EBA097 /* Icon-40@2x 3.png in Resources */,
				CC22AD2E1EA3F7CA00EBA097 /* info.png in Resources */,
				CC22AD4D1EA3F7CA00EBA097 /* ticket.png in Resources */,
				CC22AD2C1EA3F7CA00EBA097 /* Icon-Small@3x 2.png in Resources */,
				CC22AD121EA3F7CA00EBA097 /* firstDay.png in Resources */,
				CC22AD1E1EA3F7CA00EBA097 /* Icon-60@2x 2.png in Resources */,
				CC22AD1D1EA3F7CA00EBA097 /* Icon-40@3x.png in Resources */,
				CC22AD3A1EA3F7CA00EBA097 /* myagenda.png in Resources */,
				CC22AD161EA3F7CA00EBA097 /* Icon-40 3.png in Resources */,
				CC22AD441EA3F7CA00EBA097 /* sessionnotadded.png in Resources */,
				CC22AD211EA3F7CA00EBA097 /* Icon-60@3x.png in Resources */,
				CC22AD361EA3F7CA00EBA097 /* logo.png in Resources */,
				CC22AD311EA3F7CA00EBA097 /* leftSideMenuHeader.png in Resources */,
				CC22AD4E1EA3F7CA00EBA097 /* workshop.png in Resources */,
				CC22AD0B1EA3F7CA00EBA097 /* allDays.png in Resources */,
				CC22AD111EA3F7CA00EBA097 /* exihiptors.png in Resources */,
				CC22AD3E1EA3F7CA00EBA097 /* profile.png in Resources */,
			);
			runOnlyForDeploymentPostprocessing = 0;
		};
		AD433BB81E9E21EE002FC799 /* Resources */ = {
			isa = PBXResourcesBuildPhase;
			buildActionMask = 2147483647;
			files = (
			);
			runOnlyForDeploymentPostprocessing = 0;
		};
		AD433BC31E9E21EE002FC799 /* Resources */ = {
			isa = PBXResourcesBuildPhase;
			buildActionMask = 2147483647;
			files = (
			);
			runOnlyForDeploymentPostprocessing = 0;
		};
/* End PBXResourcesBuildPhase section */

/* Begin PBXShellScriptBuildPhase section */
		1619D915E1AC29F714A66043 /* [CP] Embed Pods Frameworks */ = {
			isa = PBXShellScriptBuildPhase;
			buildActionMask = 2147483647;
			files = (
			);
			inputPaths = (
			);
			name = "[CP] Embed Pods Frameworks";
			outputPaths = (
			);
			runOnlyForDeploymentPostprocessing = 0;
			shellPath = /bin/sh;
			shellScript = "\"${SRCROOT}/Pods/Target Support Files/Pods-MDW/Pods-MDW-frameworks.sh\"\n";
			showEnvVarsInLog = 0;
		};
		1ACA00D11E27EA3EBEC7B4CB /* [CP] Check Pods Manifest.lock */ = {
			isa = PBXShellScriptBuildPhase;
			buildActionMask = 2147483647;
			files = (
			);
			inputPaths = (
			);
			name = "[CP] Check Pods Manifest.lock";
			outputPaths = (
			);
			runOnlyForDeploymentPostprocessing = 0;
			shellPath = /bin/sh;
			shellScript = "diff \"${PODS_ROOT}/../Podfile.lock\" \"${PODS_ROOT}/Manifest.lock\" > /dev/null\nif [ $? != 0 ] ; then\n    # print error to STDERR\n    echo \"error: The sandbox is not in sync with the Podfile.lock. Run 'pod install' or update your CocoaPods installation.\" >&2\n    exit 1\nfi\n";
			showEnvVarsInLog = 0;
		};
		4F8D7B14710CC1B942A27A6E /* [CP] Copy Pods Resources */ = {
			isa = PBXShellScriptBuildPhase;
			buildActionMask = 2147483647;
			files = (
			);
			inputPaths = (
			);
			name = "[CP] Copy Pods Resources";
			outputPaths = (
			);
			runOnlyForDeploymentPostprocessing = 0;
			shellPath = /bin/sh;
			shellScript = "\"${SRCROOT}/Pods/Target Support Files/Pods-MDW/Pods-MDW-resources.sh\"\n";
			showEnvVarsInLog = 0;
		};
/* End PBXShellScriptBuildPhase section */

/* Begin PBXSourcesBuildPhase section */
		AD433B9D1E9E21EE002FC799 /* Sources */ = {
			isa = PBXSourcesBuildPhase;
			buildActionMask = 2147483647;
			files = (
				CC22ACC21EA3F78F00EBA097 /* SWRevealViewController.m in Sources */,
				ADED080F1EA2728700A33CE0 /* RLMString.m in Sources */,
				ADED080E1EA2728700A33CE0 /* ExhibitorDTO.m in Sources */,
				CC6DE1CD1EAE859F009B0DA5 /* AllDaysMyAgendaViewController.m in Sources */,
				AD433BAC1E9E21EE002FC799 /* ViewController.m in Sources */,
				CC6DE1C71EAE7FA0009B0DA5 /* SecondDayMyAgendaViewController.m in Sources */,
				4EA30B511EA2A39400CE1809 /* MDWNetworkManager.m in Sources */,
				CC22AD511EA3F87000EBA097 /* SideMenuTableViewController.m in Sources */,
				CC1ECCBF1EA5C4F700083C02 /* ProfileViewController.m in Sources */,
				ADED080C1EA2728700A33CE0 /* AttendeeDTO.m in Sources */,
				CC6DE1D61EAE9147009B0DA5 /* FirstDayAgendaViewController.m in Sources */,
				ADED080D1EA2728700A33CE0 /* DBHandler.m in Sources */,
				ADED08111EA2728700A33CE0 /* SpeakerDTO.m in Sources */,
				CC6DE1C41EAE7A81009B0DA5 /* ThirdDayMyAgendaViewController.m in Sources */,
				CC6DE1CA1EAE83D9009B0DA5 /* FirstDayMyAgendaViewController.m in Sources */,
				AD4AB7DF1EAE14D3004D2893 /* FillteringAgendaDTO.m in Sources */,
				4EA30B4E1EA2A37D00CE1809 /* ServiceUrls.m in Sources */,
				ADED080B1EA2728700A33CE0 /* AgendaDTO.m in Sources */,
				CC35837E1EAFD728004BD794 /* SpeakerDetailsViewController.m in Sources */,
				CC1ECCD11EA6187000083C02 /* SpeakerViewController.m in Sources */,
				CC6DE1D01EAE8A94009B0DA5 /* SecondDayAgendaViewController.m in Sources */,
				ADED08101EA2728700A33CE0 /* SessionDTO.m in Sources */,
				AD433BA91E9E21EE002FC799 /* AppDelegate.m in Sources */,
				CC6DE1D31EAE8C90009B0DA5 /* ThirdDayAgendaViewController.m in Sources */,
				CC6DE1C11EAE680A009B0DA5 /* ExhibitorsViewController.m in Sources */,
				ADF0D2FC1EAF5CA6007406D9 /* DateConverter.m in Sources */,
				CC6DE1D91EAE95E2009B0DA5 /* AllDaysAgendaViewController.m in Sources */,
				CC1ECCC21EA5CFD300083C02 /* LoginViewController.m in Sources */,
				AD433BA61E9E21EE002FC799 /* main.m in Sources */,
			);
			runOnlyForDeploymentPostprocessing = 0;
		};
		AD433BB61E9E21EE002FC799 /* Sources */ = {
			isa = PBXSourcesBuildPhase;
			buildActionMask = 2147483647;
			files = (
				AD433BBF1E9E21EE002FC799 /* MDWTests.m in Sources */,
			);
			runOnlyForDeploymentPostprocessing = 0;
		};
		AD433BC11E9E21EE002FC799 /* Sources */ = {
			isa = PBXSourcesBuildPhase;
			buildActionMask = 2147483647;
			files = (
				AD433BCA1E9E21EE002FC799 /* MDWUITests.m in Sources */,
			);
			runOnlyForDeploymentPostprocessing = 0;
		};
/* End PBXSourcesBuildPhase section */

/* Begin PBXTargetDependency section */
		AD433BBC1E9E21EE002FC799 /* PBXTargetDependency */ = {
			isa = PBXTargetDependency;
			target = AD433BA01E9E21EE002FC799 /* MDW */;
			targetProxy = AD433BBB1E9E21EE002FC799 /* PBXContainerItemProxy */;
		};
		AD433BC71E9E21EE002FC799 /* PBXTargetDependency */ = {
			isa = PBXTargetDependency;
			target = AD433BA01E9E21EE002FC799 /* MDW */;
			targetProxy = AD433BC61E9E21EE002FC799 /* PBXContainerItemProxy */;
		};
/* End PBXTargetDependency section */

/* Begin PBXVariantGroup section */
		AD433BAD1E9E21EE002FC799 /* Main.storyboard */ = {
			isa = PBXVariantGroup;
			children = (
				AD433BAE1E9E21EE002FC799 /* Base */,
			);
			name = Main.storyboard;
			sourceTree = "<group>";
		};
		AD433BB21E9E21EE002FC799 /* LaunchScreen.storyboard */ = {
			isa = PBXVariantGroup;
			children = (
				AD433BB31E9E21EE002FC799 /* Base */,
			);
			name = LaunchScreen.storyboard;
			sourceTree = "<group>";
		};
/* End PBXVariantGroup section */

/* Begin XCBuildConfiguration section */
		AD433BCC1E9E21EE002FC799 /* Debug */ = {
			isa = XCBuildConfiguration;
			buildSettings = {
				ALWAYS_SEARCH_USER_PATHS = NO;
				CLANG_ANALYZER_NONNULL = YES;
				CLANG_CXX_LANGUAGE_STANDARD = "gnu++0x";
				CLANG_CXX_LIBRARY = "libc++";
				CLANG_ENABLE_MODULES = YES;
				CLANG_ENABLE_OBJC_ARC = YES;
				CLANG_WARN_BOOL_CONVERSION = YES;
				CLANG_WARN_CONSTANT_CONVERSION = YES;
				CLANG_WARN_DIRECT_OBJC_ISA_USAGE = YES_ERROR;
				CLANG_WARN_DOCUMENTATION_COMMENTS = YES;
				CLANG_WARN_EMPTY_BODY = YES;
				CLANG_WARN_ENUM_CONVERSION = YES;
				CLANG_WARN_INFINITE_RECURSION = YES;
				CLANG_WARN_INT_CONVERSION = YES;
				CLANG_WARN_OBJC_ROOT_CLASS = YES_ERROR;
				CLANG_WARN_SUSPICIOUS_MOVES = YES;
				CLANG_WARN_UNREACHABLE_CODE = YES;
				CLANG_WARN__DUPLICATE_METHOD_MATCH = YES;
				"CODE_SIGN_IDENTITY[sdk=iphoneos*]" = "iPhone Developer";
				COPY_PHASE_STRIP = NO;
				DEBUG_INFORMATION_FORMAT = dwarf;
				ENABLE_STRICT_OBJC_MSGSEND = YES;
				ENABLE_TESTABILITY = YES;
				GCC_C_LANGUAGE_STANDARD = gnu99;
				GCC_DYNAMIC_NO_PIC = NO;
				GCC_NO_COMMON_BLOCKS = YES;
				GCC_OPTIMIZATION_LEVEL = 0;
				GCC_PREPROCESSOR_DEFINITIONS = (
					"DEBUG=1",
					"$(inherited)",
				);
				GCC_WARN_64_TO_32_BIT_CONVERSION = YES;
				GCC_WARN_ABOUT_RETURN_TYPE = YES_ERROR;
				GCC_WARN_UNDECLARED_SELECTOR = YES;
				GCC_WARN_UNINITIALIZED_AUTOS = YES_AGGRESSIVE;
				GCC_WARN_UNUSED_FUNCTION = YES;
				GCC_WARN_UNUSED_VARIABLE = YES;
				IPHONEOS_DEPLOYMENT_TARGET = 10.0;
				MTL_ENABLE_DEBUG_INFO = YES;
				ONLY_ACTIVE_ARCH = YES;
				SDKROOT = iphoneos;
			};
			name = Debug;
		};
		AD433BCD1E9E21EE002FC799 /* Release */ = {
			isa = XCBuildConfiguration;
			buildSettings = {
				ALWAYS_SEARCH_USER_PATHS = NO;
				CLANG_ANALYZER_NONNULL = YES;
				CLANG_CXX_LANGUAGE_STANDARD = "gnu++0x";
				CLANG_CXX_LIBRARY = "libc++";
				CLANG_ENABLE_MODULES = YES;
				CLANG_ENABLE_OBJC_ARC = YES;
				CLANG_WARN_BOOL_CONVERSION = YES;
				CLANG_WARN_CONSTANT_CONVERSION = YES;
				CLANG_WARN_DIRECT_OBJC_ISA_USAGE = YES_ERROR;
				CLANG_WARN_DOCUMENTATION_COMMENTS = YES;
				CLANG_WARN_EMPTY_BODY = YES;
				CLANG_WARN_ENUM_CONVERSION = YES;
				CLANG_WARN_INFINITE_RECURSION = YES;
				CLANG_WARN_INT_CONVERSION = YES;
				CLANG_WARN_OBJC_ROOT_CLASS = YES_ERROR;
				CLANG_WARN_SUSPICIOUS_MOVES = YES;
				CLANG_WARN_UNREACHABLE_CODE = YES;
				CLANG_WARN__DUPLICATE_METHOD_MATCH = YES;
				"CODE_SIGN_IDENTITY[sdk=iphoneos*]" = "iPhone Developer";
				COPY_PHASE_STRIP = NO;
				DEBUG_INFORMATION_FORMAT = "dwarf-with-dsym";
				ENABLE_NS_ASSERTIONS = NO;
				ENABLE_STRICT_OBJC_MSGSEND = YES;
				GCC_C_LANGUAGE_STANDARD = gnu99;
				GCC_NO_COMMON_BLOCKS = YES;
				GCC_WARN_64_TO_32_BIT_CONVERSION = YES;
				GCC_WARN_ABOUT_RETURN_TYPE = YES_ERROR;
				GCC_WARN_UNDECLARED_SELECTOR = YES;
				GCC_WARN_UNINITIALIZED_AUTOS = YES_AGGRESSIVE;
				GCC_WARN_UNUSED_FUNCTION = YES;
				GCC_WARN_UNUSED_VARIABLE = YES;
				IPHONEOS_DEPLOYMENT_TARGET = 10.0;
				MTL_ENABLE_DEBUG_INFO = NO;
				SDKROOT = iphoneos;
				VALIDATE_PRODUCT = YES;
			};
			name = Release;
		};
		AD433BCF1E9E21EE002FC799 /* Debug */ = {
			isa = XCBuildConfiguration;
			baseConfigurationReference = 74201D68596726BD56C6EF05 /* Pods-MDW.debug.xcconfig */;
			buildSettings = {
				ASSETCATALOG_COMPILER_APPICON_NAME = AppIcon;
				INFOPLIST_FILE = MDW/Info.plist;
				IPHONEOS_DEPLOYMENT_TARGET = 8.0;
				LD_RUNPATH_SEARCH_PATHS = "$(inherited) @executable_path/Frameworks";
				PRODUCT_BUNDLE_IDENTIFIER = jets.MDW;
				PRODUCT_NAME = "$(TARGET_NAME)";
			};
			name = Debug;
		};
		AD433BD01E9E21EE002FC799 /* Release */ = {
			isa = XCBuildConfiguration;
			baseConfigurationReference = 1A49CC0A336F74BF5CA0F95A /* Pods-MDW.release.xcconfig */;
			buildSettings = {
				ASSETCATALOG_COMPILER_APPICON_NAME = AppIcon;
				INFOPLIST_FILE = MDW/Info.plist;
				IPHONEOS_DEPLOYMENT_TARGET = 8.0;
				LD_RUNPATH_SEARCH_PATHS = "$(inherited) @executable_path/Frameworks";
				PRODUCT_BUNDLE_IDENTIFIER = jets.MDW;
				PRODUCT_NAME = "$(TARGET_NAME)";
			};
			name = Release;
		};
		AD433BD21E9E21EE002FC799 /* Debug */ = {
			isa = XCBuildConfiguration;
			buildSettings = {
				BUNDLE_LOADER = "$(TEST_HOST)";
				INFOPLIST_FILE = MDWTests/Info.plist;
				LD_RUNPATH_SEARCH_PATHS = "$(inherited) @executable_path/Frameworks @loader_path/Frameworks";
				PRODUCT_BUNDLE_IDENTIFIER = jets.MDWTests;
				PRODUCT_NAME = "$(TARGET_NAME)";
				TEST_HOST = "$(BUILT_PRODUCTS_DIR)/MDW.app/MDW";
			};
			name = Debug;
		};
		AD433BD31E9E21EE002FC799 /* Release */ = {
			isa = XCBuildConfiguration;
			buildSettings = {
				BUNDLE_LOADER = "$(TEST_HOST)";
				INFOPLIST_FILE = MDWTests/Info.plist;
				LD_RUNPATH_SEARCH_PATHS = "$(inherited) @executable_path/Frameworks @loader_path/Frameworks";
				PRODUCT_BUNDLE_IDENTIFIER = jets.MDWTests;
				PRODUCT_NAME = "$(TARGET_NAME)";
				TEST_HOST = "$(BUILT_PRODUCTS_DIR)/MDW.app/MDW";
			};
			name = Release;
		};
		AD433BD51E9E21EE002FC799 /* Debug */ = {
			isa = XCBuildConfiguration;
			buildSettings = {
				INFOPLIST_FILE = MDWUITests/Info.plist;
				LD_RUNPATH_SEARCH_PATHS = "$(inherited) @executable_path/Frameworks @loader_path/Frameworks";
				PRODUCT_BUNDLE_IDENTIFIER = jets.MDWUITests;
				PRODUCT_NAME = "$(TARGET_NAME)";
				TEST_TARGET_NAME = MDW;
			};
			name = Debug;
		};
		AD433BD61E9E21EE002FC799 /* Release */ = {
			isa = XCBuildConfiguration;
			buildSettings = {
				INFOPLIST_FILE = MDWUITests/Info.plist;
				LD_RUNPATH_SEARCH_PATHS = "$(inherited) @executable_path/Frameworks @loader_path/Frameworks";
				PRODUCT_BUNDLE_IDENTIFIER = jets.MDWUITests;
				PRODUCT_NAME = "$(TARGET_NAME)";
				TEST_TARGET_NAME = MDW;
			};
			name = Release;
		};
/* End XCBuildConfiguration section */

/* Begin XCConfigurationList section */
		AD433B9C1E9E21EE002FC799 /* Build configuration list for PBXProject "MDW" */ = {
			isa = XCConfigurationList;
			buildConfigurations = (
				AD433BCC1E9E21EE002FC799 /* Debug */,
				AD433BCD1E9E21EE002FC799 /* Release */,
			);
			defaultConfigurationIsVisible = 0;
			defaultConfigurationName = Release;
		};
		AD433BCE1E9E21EE002FC799 /* Build configuration list for PBXNativeTarget "MDW" */ = {
			isa = XCConfigurationList;
			buildConfigurations = (
				AD433BCF1E9E21EE002FC799 /* Debug */,
				AD433BD01E9E21EE002FC799 /* Release */,
			);
			defaultConfigurationIsVisible = 0;
			defaultConfigurationName = Release;
		};
		AD433BD11E9E21EE002FC799 /* Build configuration list for PBXNativeTarget "MDWTests" */ = {
			isa = XCConfigurationList;
			buildConfigurations = (
				AD433BD21E9E21EE002FC799 /* Debug */,
				AD433BD31E9E21EE002FC799 /* Release */,
			);
			defaultConfigurationIsVisible = 0;
			defaultConfigurationName = Release;
		};
		AD433BD41E9E21EE002FC799 /* Build configuration list for PBXNativeTarget "MDWUITests" */ = {
			isa = XCConfigurationList;
			buildConfigurations = (
				AD433BD51E9E21EE002FC799 /* Debug */,
				AD433BD61E9E21EE002FC799 /* Release */,
			);
			defaultConfigurationIsVisible = 0;
			defaultConfigurationName = Release;
		};
/* End XCConfigurationList section */
	};
	rootObject = AD433B991E9E21EE002FC799 /* Project object */;
}
